// !$*UTF8*$!
{
	archiveVersion = 1;
	classes = {
	};
	objectVersion = 46;
	objects = {

/* Begin PBXBuildFile section */
		594FBDFE1BD3EA3000A59341 /* AppDelegate.swift in Sources */ = {isa = PBXBuildFile; fileRef = 594FBDFD1BD3EA3000A59341 /* AppDelegate.swift */; };
		594FBE001BD3EA3000A59341 /* ViewController.swift in Sources */ = {isa = PBXBuildFile; fileRef = 594FBDFF1BD3EA3000A59341 /* ViewController.swift */; };
		594FBE031BD3EA3000A59341 /* Main.storyboard in Resources */ = {isa = PBXBuildFile; fileRef = 594FBE011BD3EA3000A59341 /* Main.storyboard */; };
		594FBE061BD3EA3000A59341 /* TipCalculator.xcdatamodeld in Sources */ = {isa = PBXBuildFile; fileRef = 594FBE041BD3EA3000A59341 /* TipCalculator.xcdatamodeld */; };
		594FBE081BD3EA3000A59341 /* Assets.xcassets in Resources */ = {isa = PBXBuildFile; fileRef = 594FBE071BD3EA3000A59341 /* Assets.xcassets */; };
		594FBE0B1BD3EA3000A59341 /* LaunchScreen.storyboard in Resources */ = {isa = PBXBuildFile; fileRef = 594FBE091BD3EA3000A59341 /* LaunchScreen.storyboard */; };
		594FBE161BD3EA3000A59341 /* TipCalculatorTests.swift in Sources */ = {isa = PBXBuildFile; fileRef = 594FBE151BD3EA3000A59341 /* TipCalculatorTests.swift */; };
		594FBE211BD3EA3000A59341 /* TipCalculatorUITests.swift in Sources */ = {isa = PBXBuildFile; fileRef = 594FBE201BD3EA3000A59341 /* TipCalculatorUITests.swift */; };
/* End PBXBuildFile section */

/* Begin PBXContainerItemProxy section */
		594FBE121BD3EA3000A59341 /* PBXContainerItemProxy */ = {
			isa = PBXContainerItemProxy;
			containerPortal = 594FBDF21BD3EA3000A59341 /* Project object */;
			proxyType = 1;
			remoteGlobalIDString = 594FBDF91BD3EA3000A59341;
			remoteInfo = TipCalculator;
		};
		594FBE1D1BD3EA3000A59341 /* PBXContainerItemProxy */ = {
			isa = PBXContainerItemProxy;
			containerPortal = 594FBDF21BD3EA3000A59341 /* Project object */;
			proxyType = 1;
			remoteGlobalIDString = 594FBDF91BD3EA3000A59341;
			remoteInfo = TipCalculator;
		};
/* End PBXContainerItemProxy section */

/* Begin PBXFileReference section */
		594FBDFA1BD3EA3000A59341 /* TipCalculator.app */ = {isa = PBXFileReference; explicitFileType = wrapper.application; includeInIndex = 0; path = TipCalculator.app; sourceTree = BUILT_PRODUCTS_DIR; };
		594FBDFD1BD3EA3000A59341 /* AppDelegate.swift */ = {isa = PBXFileReference; lastKnownFileType = sourcecode.swift; path = AppDelegate.swift; sourceTree = "<group>"; };
		594FBDFF1BD3EA3000A59341 /* ViewController.swift */ = {isa = PBXFileReference; lastKnownFileType = sourcecode.swift; path = ViewController.swift; sourceTree = "<group>"; };
		594FBE021BD3EA3000A59341 /* Base */ = {isa = PBXFileReference; lastKnownFileType = file.storyboard; name = Base; path = Base.lproj/Main.storyboard; sourceTree = "<group>"; };
		594FBE051BD3EA3000A59341 /* TipCalculator.xcdatamodel */ = {isa = PBXFileReference; lastKnownFileType = wrapper.xcdatamodel; path = TipCalculator.xcdatamodel; sourceTree = "<group>"; };
		594FBE071BD3EA3000A59341 /* Assets.xcassets */ = {isa = PBXFileReference; lastKnownFileType = folder.assetcatalog; path = Assets.xcassets; sourceTree = "<group>"; };
		594FBE0A1BD3EA3000A59341 /* Base */ = {isa = PBXFileReference; lastKnownFileType = file.storyboard; name = Base; path = Base.lproj/LaunchScreen.storyboard; sourceTree = "<group>"; };
		594FBE0C1BD3EA3000A59341 /* Info.plist */ = {isa = PBXFileReference; lastKnownFileType = text.plist.xml; path = Info.plist; sourceTree = "<group>"; };
		594FBE111BD3EA3000A59341 /* TipCalculatorTests.xctest */ = {isa = PBXFileReference; explicitFileType = wrapper.cfbundle; includeInIndex = 0; path = TipCalculatorTests.xctest; sourceTree = BUILT_PRODUCTS_DIR; };
		594FBE151BD3EA3000A59341 /* TipCalculatorTests.swift */ = {isa = PBXFileReference; lastKnownFileType = sourcecode.swift; path = TipCalculatorTests.swift; sourceTree = "<group>"; };
		594FBE171BD3EA3000A59341 /* Info.plist */ = {isa = PBXFileReference; lastKnownFileType = text.plist.xml; path = Info.plist; sourceTree = "<group>"; };
		594FBE1C1BD3EA3000A59341 /* TipCalculatorUITests.xctest */ = {isa = PBXFileReference; explicitFileType = wrapper.cfbundle; includeInIndex = 0; path = TipCalculatorUITests.xctest; sourceTree = BUILT_PRODUCTS_DIR; };
		594FBE201BD3EA3000A59341 /* TipCalculatorUITests.swift */ = {isa = PBXFileReference; lastKnownFileType = sourcecode.swift; path = TipCalculatorUITests.swift; sourceTree = "<group>"; };
		594FBE221BD3EA3000A59341 /* Info.plist */ = {isa = PBXFileReference; lastKnownFileType = text.plist.xml; path = Info.plist; sourceTree = "<group>"; };
/* End PBXFileReference section */

/* Begin PBXFrameworksBuildPhase section */
		594FBDF71BD3EA3000A59341 /* Frameworks */ = {
			isa = PBXFrameworksBuildPhase;
			buildActionMask = 2147483647;
			files = (
			);
			runOnlyForDeploymentPostprocessing = 0;
		};
		594FBE0E1BD3EA3000A59341 /* Frameworks */ = {
			isa = PBXFrameworksBuildPhase;
			buildActionMask = 2147483647;
			files = (
			);
			runOnlyForDeploymentPostprocessing = 0;
		};
		594FBE191BD3EA3000A59341 /* Frameworks */ = {
			isa = PBXFrameworksBuildPhase;
			buildActionMask = 2147483647;
			files = (
			);
			runOnlyForDeploymentPostprocessing = 0;
		};
/* End PBXFrameworksBuildPhase section */

/* Begin PBXGroup section */
		594FBDF11BD3EA3000A59341 = {
			isa = PBXGroup;
			children = (
				594FBDFC1BD3EA3000A59341 /* TipCalculator */,
				594FBE141BD3EA3000A59341 /* TipCalculatorTests */,
				594FBE1F1BD3EA3000A59341 /* TipCalculatorUITests */,
				594FBDFB1BD3EA3000A59341 /* Products */,
			);
			sourceTree = "<group>";
		};
		594FBDFB1BD3EA3000A59341 /* Products */ = {
			isa = PBXGroup;
			children = (
				594FBDFA1BD3EA3000A59341 /* TipCalculator.app */,
				594FBE111BD3EA3000A59341 /* TipCalculatorTests.xctest */,
				594FBE1C1BD3EA3000A59341 /* TipCalculatorUITests.xctest */,
			);
			name = Products;
			sourceTree = "<group>";
		};
		594FBDFC1BD3EA3000A59341 /* TipCalculator */ = {
			isa = PBXGroup;
			children = (
				594FBDFD1BD3EA3000A59341 /* AppDelegate.swift */,
				594FBDFF1BD3EA3000A59341 /* ViewController.swift */,
				594FBE011BD3EA3000A59341 /* Main.storyboard */,
				594FBE071BD3EA3000A59341 /* Assets.xcassets */,
				594FBE091BD3EA3000A59341 /* LaunchScreen.storyboard */,
				594FBE0C1BD3EA3000A59341 /* Info.plist */,
				594FBE041BD3EA3000A59341 /* TipCalculator.xcdatamodeld */,
			);
			path = TipCalculator;
			sourceTree = "<group>";
		};
		594FBE141BD3EA3000A59341 /* TipCalculatorTests */ = {
			isa = PBXGroup;
			children = (
				594FBE151BD3EA3000A59341 /* TipCalculatorTests.swift */,
				594FBE171BD3EA3000A59341 /* Info.plist */,
			);
			path = TipCalculatorTests;
			sourceTree = "<group>";
		};
		594FBE1F1BD3EA3000A59341 /* TipCalculatorUITests */ = {
			isa = PBXGroup;
			children = (
				594FBE201BD3EA3000A59341 /* TipCalculatorUITests.swift */,
				594FBE221BD3EA3000A59341 /* Info.plist */,
			);
			path = TipCalculatorUITests;
			sourceTree = "<group>";
		};
/* End PBXGroup section */

/* Begin PBXNativeTarget section */
		594FBDF91BD3EA3000A59341 /* TipCalculator */ = {
			isa = PBXNativeTarget;
			buildConfigurationList = 594FBE251BD3EA3000A59341 /* Build configuration list for PBXNativeTarget "TipCalculator" */;
			buildPhases = (
				594FBDF61BD3EA3000A59341 /* Sources */,
				594FBDF71BD3EA3000A59341 /* Frameworks */,
				594FBDF81BD3EA3000A59341 /* Resources */,
			);
			buildRules = (
			);
			dependencies = (
			);
			name = TipCalculator;
			productName = TipCalculator;
			productReference = 594FBDFA1BD3EA3000A59341 /* TipCalculator.app */;
			productType = "com.apple.product-type.application";
		};
		594FBE101BD3EA3000A59341 /* TipCalculatorTests */ = {
			isa = PBXNativeTarget;
			buildConfigurationList = 594FBE281BD3EA3000A59341 /* Build configuration list for PBXNativeTarget "TipCalculatorTests" */;
			buildPhases = (
				594FBE0D1BD3EA3000A59341 /* Sources */,
				594FBE0E1BD3EA3000A59341 /* Frameworks */,
				594FBE0F1BD3EA3000A59341 /* Resources */,
			);
			buildRules = (
			);
			dependencies = (
				594FBE131BD3EA3000A59341 /* PBXTargetDependency */,
			);
			name = TipCalculatorTests;
			productName = TipCalculatorTests;
			productReference = 594FBE111BD3EA3000A59341 /* TipCalculatorTests.xctest */;
			productType = "com.apple.product-type.bundle.unit-test";
		};
		594FBE1B1BD3EA3000A59341 /* TipCalculatorUITests */ = {
			isa = PBXNativeTarget;
			buildConfigurationList = 594FBE2B1BD3EA3000A59341 /* Build configuration list for PBXNativeTarget "TipCalculatorUITests" */;
			buildPhases = (
				594FBE181BD3EA3000A59341 /* Sources */,
				594FBE191BD3EA3000A59341 /* Frameworks */,
				594FBE1A1BD3EA3000A59341 /* Resources */,
			);
			buildRules = (
			);
			dependencies = (
				594FBE1E1BD3EA3000A59341 /* PBXTargetDependency */,
			);
			name = TipCalculatorUITests;
			productName = TipCalculatorUITests;
			productReference = 594FBE1C1BD3EA3000A59341 /* TipCalculatorUITests.xctest */;
			productType = "com.apple.product-type.bundle.ui-testing";
		};
/* End PBXNativeTarget section */

/* Begin PBXProject section */
		594FBDF21BD3EA3000A59341 /* Project object */ = {
			isa = PBXProject;
			attributes = {
				LastSwiftUpdateCheck = 0710;
				LastUpgradeCheck = 0710;
				ORGANIZATIONNAME = "Ingenieria y Software";
				TargetAttributes = {
					594FBDF91BD3EA3000A59341 = {
						CreatedOnToolsVersion = 7.1;
					};
					594FBE101BD3EA3000A59341 = {
						CreatedOnToolsVersion = 7.1;
						TestTargetID = 594FBDF91BD3EA3000A59341;
					};
					594FBE1B1BD3EA3000A59341 = {
						CreatedOnToolsVersion = 7.1;
						TestTargetID = 594FBDF91BD3EA3000A59341;
					};
				};
			};
			buildConfigurationList = 594FBDF51BD3EA3000A59341 /* Build configuration list for PBXProject "TipCalculator" */;
			compatibilityVersion = "Xcode 3.2";
			developmentRegion = English;
			hasScannedForEncodings = 0;
			knownRegions = (
				en,
				Base,
			);
			mainGroup = 594FBDF11BD3EA3000A59341;
			productRefGroup = 594FBDFB1BD3EA3000A59341 /* Products */;
			projectDirPath = "";
			projectRoot = "";
			targets = (
				594FBDF91BD3EA3000A59341 /* TipCalculator */,
				594FBE101BD3EA3000A59341 /* TipCalculatorTests */,
				594FBE1B1BD3EA3000A59341 /* TipCalculatorUITests */,
			);
		};
/* End PBXProject section */

/* Begin PBXResourcesBuildPhase section */
		594FBDF81BD3EA3000A59341 /* Resources */ = {
			isa = PBXResourcesBuildPhase;
			buildActionMask = 2147483647;
			files = (
				594FBE0B1BD3EA3000A59341 /* LaunchScreen.storyboard in Resources */,
				594FBE081BD3EA3000A59341 /* Assets.xcassets in Resources */,
				594FBE031BD3EA3000A59341 /* Main.storyboard in Resources */,
			);
			runOnlyForDeploymentPostprocessing = 0;
		};
		594FBE0F1BD3EA3000A59341 /* Resources */ = {
			isa = PBXResourcesBuildPhase;
			buildActionMask = 2147483647;
			files = (
			);
			runOnlyForDeploymentPostprocessing = 0;
		};
		594FBE1A1BD3EA3000A59341 /* Resources */ = {
			isa = PBXResourcesBuildPhase;
			buildActionMask = 2147483647;
			files = (
			);
			runOnlyForDeploymentPostprocessing = 0;
		};
/* End PBXResourcesBuildPhase section */

/* Begin PBXSourcesBuildPhase section */
		594FBDF61BD3EA3000A59341 /* Sources */ = {
			isa = PBXSourcesBuildPhase;
			buildActionMask = 2147483647;
			files = (
				594FBE061BD3EA3000A59341 /* TipCalculator.xcdatamodeld in Sources */,
				594FBE001BD3EA3000A59341 /* ViewController.swift in Sources */,
				594FBDFE1BD3EA3000A59341 /* AppDelegate.swift in Sources */,
			);
			runOnlyForDeploymentPostprocessing = 0;
		};
		594FBE0D1BD3EA3000A59341 /* Sources */ = {
			isa = PBXSourcesBuildPhase;
			buildActionMask = 2147483647;
			files = (
				594FBE161BD3EA3000A59341 /* TipCalculatorTests.swift in Sources */,
			);
			runOnlyForDeploymentPostprocessing = 0;
		};
		594FBE181BD3EA3000A59341 /* Sources */ = {
			isa = PBXSourcesBuildPhase;
			buildActionMask = 2147483647;
			files = (
				594FBE211BD3EA3000A59341 /* TipCalculatorUITests.swift in Sources */,
			);
			runOnlyForDeploymentPostprocessing = 0;
		};
/* End PBXSourcesBuildPhase section */

/* Begin PBXTargetDependency section */
		594FBE131BD3EA3000A59341 /* PBXTargetDependency */ = {
			isa = PBXTargetDependency;
			target = 594FBDF91BD3EA3000A59341 /* TipCalculator */;
			targetProxy = 594FBE121BD3EA3000A59341 /* PBXContainerItemProxy */;
		};
		594FBE1E1BD3EA3000A59341 /* PBXTargetDependency */ = {
			isa = PBXTargetDependency;
			target = 594FBDF91BD3EA3000A59341 /* TipCalculator */;
			targetProxy = 594FBE1D1BD3EA3000A59341 /* PBXContainerItemProxy */;
		};
/* End PBXTargetDependency section */

/* Begin PBXVariantGroup section */
		594FBE011BD3EA3000A59341 /* Main.storyboard */ = {
			isa = PBXVariantGroup;
			children = (
				594FBE021BD3EA3000A59341 /* Base */,
			);
			name = Main.storyboard;
			sourceTree = "<group>";
		};
		594FBE091BD3EA3000A59341 /* LaunchScreen.storyboard */ = {
			isa = PBXVariantGroup;
			children = (
				594FBE0A1BD3EA3000A59341 /* Base */,
			);
			name = LaunchScreen.storyboard;
			sourceTree = "<group>";
		};
/* End PBXVariantGroup section */

/* Begin XCBuildConfiguration section */
		594FBE231BD3EA3000A59341 /* Debug */ = {
			isa = XCBuildConfiguration;
			buildSettings = {
				ALWAYS_SEARCH_USER_PATHS = NO;
				CLANG_CXX_LANGUAGE_STANDARD = "gnu++0x";
				CLANG_CXX_LIBRARY = "libc++";
				CLANG_ENABLE_MODULES = YES;
				CLANG_ENABLE_OBJC_ARC = YES;
				CLANG_WARN_BOOL_CONVERSION = YES;
				CLANG_WARN_CONSTANT_CONVERSION = YES;
				CLANG_WARN_DIRECT_OBJC_ISA_USAGE = YES_ERROR;
				CLANG_WARN_EMPTY_BODY = YES;
				CLANG_WARN_ENUM_CONVERSION = YES;
				CLANG_WARN_INT_CONVERSION = YES;
				CLANG_WARN_OBJC_ROOT_CLASS = YES_ERROR;
				CLANG_WARN_UNREACHABLE_CODE = YES;
				CLANG_WARN__DUPLICATE_METHOD_MATCH = YES;
				"CODE_SIGN_IDENTITY[sdk=iphoneos*]" = "iPhone Developer";
				COPY_PHASE_STRIP = NO;
				DEBUG_INFORMATION_FORMAT = dwarf;
				ENABLE_STRICT_OBJC_MSGSEND = YES;
				ENABLE_TESTABILITY = YES;
				GCC_C_LANGUAGE_STANDARD = gnu99;
				GCC_DYNAMIC_NO_PIC = NO;
				GCC_NO_COMMON_BLOCKS = YES;
				GCC_OPTIMIZATION_LEVEL = 0;
				GCC_PREPROCESSOR_DEFINITIONS = (
					"DEBUG=1",
					"$(inherited)",
				);
				GCC_WARN_64_TO_32_BIT_CONVERSION = YES;
				GCC_WARN_ABOUT_RETURN_TYPE = YES_ERROR;
				GCC_WARN_UNDECLARED_SELECTOR = YES;
				GCC_WARN_UNINITIALIZED_AUTOS = YES_AGGRESSIVE;
				GCC_WARN_UNUSED_FUNCTION = YES;
				GCC_WARN_UNUSED_VARIABLE = YES;
				IPHONEOS_DEPLOYMENT_TARGET = 9.1;
				MTL_ENABLE_DEBUG_INFO = YES;
				ONLY_ACTIVE_ARCH = YES;
				SDKROOT = iphoneos;
				SWIFT_OPTIMIZATION_LEVEL = "-Onone";
			};
			name = Debug;
		};
		594FBE241BD3EA3000A59341 /* Release */ = {
			isa = XCBuildConfiguration;
			buildSettings = {
				ALWAYS_SEARCH_USER_PATHS = NO;
				CLANG_CXX_LANGUAGE_STANDARD = "gnu++0x";
				CLANG_CXX_LIBRARY = "libc++";
				CLANG_ENABLE_MODULES = YES;
				CLANG_ENABLE_OBJC_ARC = YES;
				CLANG_WARN_BOOL_CONVERSION = YES;
				CLANG_WARN_CONSTANT_CONVERSION = YES;
				CLANG_WARN_DIRECT_OBJC_ISA_USAGE = YES_ERROR;
				CLANG_WARN_EMPTY_BODY = YES;
				CLANG_WARN_ENUM_CONVERSION = YES;
				CLANG_WARN_INT_CONVERSION = YES;
				CLANG_WARN_OBJC_ROOT_CLASS = YES_ERROR;
				CLANG_WARN_UNREACHABLE_CODE = YES;
				CLANG_WARN__DUPLICATE_METHOD_MATCH = YES;
				"CODE_SIGN_IDENTITY[sdk=iphoneos*]" = "iPhone Developer";
				COPY_PHASE_STRIP = NO;
				DEBUG_INFORMATION_FORMAT = "dwarf-with-dsym";
				ENABLE_NS_ASSERTIONS = NO;
				ENABLE_STRICT_OBJC_MSGSEND = YES;
				GCC_C_LANGUAGE_STANDARD = gnu99;
				GCC_NO_COMMON_BLOCKS = YES;
				GCC_WARN_64_TO_32_BIT_CONVERSION = YES;
				GCC_WARN_ABOUT_RETURN_TYPE = YES_ERROR;
				GCC_WARN_UNDECLARED_SELECTOR = YES;
				GCC_WARN_UNINITIALIZED_AUTOS = YES_AGGRESSIVE;
				GCC_WARN_UNUSED_FUNCTION = YES;
				GCC_WARN_UNUSED_VARIABLE = YES;
				IPHONEOS_DEPLOYMENT_TARGET = 9.1;
				MTL_ENABLE_DEBUG_INFO = NO;
				SDKROOT = iphoneos;
				VALIDATE_PRODUCT = YES;
			};
			name = Release;
		};
		594FBE261BD3EA3000A59341 /* Debug */ = {
			isa = XCBuildConfiguration;
			buildSettings = {
				ASSETCATALOG_COMPILER_APPICON_NAME = AppIcon;
				INFOPLIST_FILE = TipCalculator/Info.plist;
				LD_RUNPATH_SEARCH_PATHS = "$(inherited) @executable_path/Frameworks";
				PRODUCT_BUNDLE_IDENTIFIER = co.artica.udea.TipCalculator;
				PRODUCT_NAME = "$(TARGET_NAME)";
			};
			name = Debug;
		};
		594FBE271BD3EA3000A59341 /* Release */ = {
			isa = XCBuildConfiguration;
			buildSettings = {
				ASSETCATALOG_COMPILER_APPICON_NAME = AppIcon;
				INFOPLIST_FILE = TipCalculator/Info.plist;
				LD_RUNPATH_SEARCH_PATHS = "$(inherited) @executable_path/Frameworks";
				PRODUCT_BUNDLE_IDENTIFIER = co.artica.udea.TipCalculator;
				PRODUCT_NAME = "$(TARGET_NAME)";
			};
			name = Release;
		};
		594FBE291BD3EA3000A59341 /* Debug */ = {
			isa = XCBuildConfiguration;
			buildSettings = {
				BUNDLE_LOADER = "$(TEST_HOST)";
				INFOPLIST_FILE = TipCalculatorTests/Info.plist;
				LD_RUNPATH_SEARCH_PATHS = "$(inherited) @executable_path/Frameworks @loader_path/Frameworks";
				PRODUCT_BUNDLE_IDENTIFIER = co.artica.udea.TipCalculatorTests;
				PRODUCT_NAME = "$(TARGET_NAME)";
				TEST_HOST = "$(BUILT_PRODUCTS_DIR)/TipCalculator.app/TipCalculator";
			};
			name = Debug;
		};
		594FBE2A1BD3EA3000A59341 /* Release */ = {
			isa = XCBuildConfiguration;
			buildSettings = {
				BUNDLE_LOADER = "$(TEST_HOST)";
				INFOPLIST_FILE = TipCalculatorTests/Info.plist;
				LD_RUNPATH_SEARCH_PATHS = "$(inherited) @executable_path/Frameworks @loader_path/Frameworks";
				PRODUCT_BUNDLE_IDENTIFIER = co.artica.udea.TipCalculatorTests;
				PRODUCT_NAME = "$(TARGET_NAME)";
				TEST_HOST = "$(BUILT_PRODUCTS_DIR)/TipCalculator.app/TipCalculator";
			};
			name = Release;
		};
		594FBE2C1BD3EA3000A59341 /* Debug */ = {
			isa = XCBuildConfiguration;
			buildSettings = {
				INFOPLIST_FILE = TipCalculatorUITests/Info.plist;
				LD_RUNPATH_SEARCH_PATHS = "$(inherited) @executable_path/Frameworks @loader_path/Frameworks";
				PRODUCT_BUNDLE_IDENTIFIER = co.artica.udea.TipCalculatorUITests;
				PRODUCT_NAME = "$(TARGET_NAME)";
				TEST_TARGET_NAME = TipCalculator;
				USES_XCTRUNNER = YES;
			};
			name = Debug;
		};
		594FBE2D1BD3EA3000A59341 /* Release */ = {
			isa = XCBuildConfiguration;
			buildSettings = {
				INFOPLIST_FILE = TipCalculatorUITests/Info.plist;
				LD_RUNPATH_SEARCH_PATHS = "$(inherited) @executable_path/Frameworks @loader_path/Frameworks";
				PRODUCT_BUNDLE_IDENTIFIER = co.artica.udea.TipCalculatorUITests;
				PRODUCT_NAME = "$(TARGET_NAME)";
				TEST_TARGET_NAME = TipCalculator;
				USES_XCTRUNNER = YES;
			};
			name = Release;
		};
/* End XCBuildConfiguration section */

/* Begin XCConfigurationList section */
		594FBDF51BD3EA3000A59341 /* Build configuration list for PBXProject "TipCalculator" */ = {
			isa = XCConfigurationList;
			buildConfigurations = (
				594FBE231BD3EA3000A59341 /* Debug */,
				594FBE241BD3EA3000A59341 /* Release */,
			);
			defaultConfigurationIsVisible = 0;
			defaultConfigurationName = Release;
		};
		594FBE251BD3EA3000A59341 /* Build configuration list for PBXNativeTarget "TipCalculator" */ = {
			isa = XCConfigurationList;
			buildConfigurations = (
				594FBE261BD3EA3000A59341 /* Debug */,
				594FBE271BD3EA3000A59341 /* Release */,
			);
			defaultConfigurationIsVisible = 0;
		};
		594FBE281BD3EA3000A59341 /* Build configuration list for PBXNativeTarget "TipCalculatorTests" */ = {
			isa = XCConfigurationList;
			buildConfigurations = (
				594FBE291BD3EA3000A59341 /* Debug */,
				594FBE2A1BD3EA3000A59341 /* Release */,
			);
			defaultConfigurationIsVisible = 0;
		};
		594FBE2B1BD3EA3000A59341 /* Build configuration list for PBXNativeTarget "TipCalculatorUITests" */ = {
			isa = XCConfigurationList;
			buildConfigurations = (
				594FBE2C1BD3EA3000A59341 /* Debug */,
				594FBE2D1BD3EA3000A59341 /* Release */,
			);
			defaultConfigurationIsVisible = 0;
		};
/* End XCConfigurationList section */

/* Begin XCVersionGroup section */
		594FBE041BD3EA3000A59341 /* TipCalculator.xcdatamodeld */ = {
			isa = XCVersionGroup;
			children = (
				594FBE051BD3EA3000A59341 /* TipCalculator.xcdatamodel */,
			);
			currentVersion = 594FBE051BD3EA3000A59341 /* TipCalculator.xcdatamodel */;
			path = TipCalculator.xcdatamodeld;
			sourceTree = "<group>";
			versionGroupType = wrapper.xcdatamodel;
		};
/* End XCVersionGroup section */
	};
	rootObject = 594FBDF21BD3EA3000A59341 /* Project object */;
}
